
Microsoft Visual Studio Solution File, Format Version 12.00
# Visual Studio Version 17
VisualStudioVersion = 17.3.32901.215
MinimumVisualStudioVersion = 10.0.40219.1
Project("{FAE04EC0-301F-11D3-BF4B-00C04F79EFBC}") = "MediatrUI", "MediatrUI\MediatrUI.csproj", "{9F1F826E-142C-4690-A110-696FF054C65C}"
EndProject
Project("{FAE04EC0-301F-11D3-BF4B-00C04F79EFBC}") = "MediatrLibrary", "MediatrLibrary\MediatrLibrary.csproj", "{5BBEF6DD-B9FB-43BF-AE02-5E87CD86BAA1}"
EndProject
Global
	GlobalSection(SolutionConfigurationPlatforms) = preSolution
		Debug|Any CPU = Debug|Any CPU
		Release|Any CPU = Release|Any CPU
	EndGlobalSection
	GlobalSection(ProjectConfigurationPlatforms) = postSolution
		{9F1F826E-142C-4690-A110-696FF054C65C}.Debug|Any CPU.ActiveCfg = Debug|Any CPU
		{9F1F826E-142C-4690-A110-696FF054C65C}.Debug|Any CPU.Build.0 = Debug|Any CPU
		{9F1F826E-142C-4690-A110-696FF054C65C}.Release|Any CPU.ActiveCfg = Release|Any CPU
		{9F1F826E-142C-4690-A110-696FF054C65C}.Release|Any CPU.Build.0 = Release|Any CPU
		{5BBEF6DD-B9FB-43BF-AE02-5E87CD86BAA1}.Debug|Any CPU.ActiveCfg = Debug|Any CPU
		{5BBEF6DD-B9FB-43BF-AE02-5E87CD86BAA1}.Debug|Any CPU.Build.0 = Debug|Any CPU
		{5BBEF6DD-B9FB-43BF-AE02-5E87CD86BAA1}.Release|Any CPU.ActiveCfg = Release|Any CPU
		{5BBEF6DD-B9FB-43BF-AE02-5E87CD86BAA1}.Release|Any CPU.Build.0 = Release|Any CPU
	EndGlobalSection
	GlobalSection(SolutionProperties) = preSolution
		HideSolutionNode = FALSE
	EndGlobalSection
	GlobalSection(ExtensibilityGlobals) = postSolution
		SolutionGuid = {6BAC910F-ED98-434D-9702-CCC5706CAF47}
	EndGlobalSection
EndGlobal
